{
    "_readme": [
        "This file locks the dependencies of your project to a known state",
        "Read more about it at http://getcomposer.org/doc/01-basic-usage.md#composer-lock-the-lock-file",
        "This file is @generated automatically"
    ],
    "hash": "0fdb4753b3c1697d784900f94969f7b4",
    "packages": [
        {
            "name": "fliglio/flfc",
            "version": "dev-master",
            "source": {
                "type": "git",
                "url": "https://github.com/fliglio/flfc.git",
                "reference": "4585249d4bed083af1360263d3dab78817a46ace"
            },
            "dist": {
                "type": "zip",
                "url": "https://api.github.com/repos/fliglio/flfc/zipball/4585249d4bed083af1360263d3dab78817a46ace",
                "reference": "4585249d4bed083af1360263d3dab78817a46ace",
                "shasum": ""
            },
            "require": {
                "php": ">=5.3"
            },
            "type": "library",
            "autoload": {
                "psr-0": {
                    "Fliglio\\Flfc\\": ""
                }
            },
            "notification-url": "https://packagist.org/downloads/",
            "license": [
                "GPL-3.0+"
            ],
            "authors": [
                {
                    "name": "Ben Schwartz",
                    "email": "benschw@gmail.com"
                }
            ],
            "time": "2015-02-24 16:52:28"
        },
        {
            "name": "fliglio/fltk",
            "version": "dev-master",
            "source": {
                "type": "git",
                "url": "https://github.com/fliglio/fltk.git",
                "reference": "0a5c1d3016bf1da457a103b5d44f09374756abb3"
            },
            "dist": {
                "type": "zip",
                "url": "https://api.github.com/repos/fliglio/fltk/zipball/0a5c1d3016bf1da457a103b5d44f09374756abb3",
                "reference": "0a5c1d3016bf1da457a103b5d44f09374756abb3",
                "shasum": ""
            },
            "require": {
                "fliglio/flfc": "dev-master",
                "php": ">=5.3"
            },
            "type": "library",
            "autoload": {
                "psr-0": {
                    "Fliglio\\Fltk\\": ""
                }
            },
            "notification-url": "https://packagist.org/downloads/",
            "license": [
                "GPL-3.0+"
            ],
            "authors": [
                {
                    "name": "Ben Schwartz",
                    "email": "benschw@gmail.com"
                }
            ],
            "time": "2015-02-24 16:52:56"
        },
        {
            "name": "fliglio/restfc",
            "version": "dev-master",
            "source": {
                "type": "git",
                "url": "https://github.com/fliglio/restfc.git",
                "reference": "3fd829961cea291c4dd45ed1f542dc1b1adc0953"
            },
            "dist": {
                "type": "zip",
                "url": "https://api.github.com/repos/fliglio/restfc/zipball/3fd829961cea291c4dd45ed1f542dc1b1adc0953",
                "reference": "3fd829961cea291c4dd45ed1f542dc1b1adc0953",
                "shasum": ""
            },
            "require": {
                "fliglio/flfc": "dev-master",
                "php": ">=5.3"
            },
            "require-dev": {
                "fliglio/routing": "dev-master",
                "fliglio/web": "dev-master",
                "phpunit/phpunit": "~4.1.0"
            },
            "type": "library",
            "autoload": {
                "psr-0": {
                    "Fliglio\\RestFc\\": ""
                }
            },
            "notification-url": "https://packagist.org/downloads/",
            "license": [
                "GPL-3.0+"
            ],
            "authors": [
                {
                    "name": "Ben Schwartz",
                    "email": "benschw@gmail.com"
                }
            ],
            "time": "2015-02-24 16:53:10"
        },
        {
            "name": "fliglio/routing",
            "version": "dev-master",
            "source": {
                "type": "git",
                "url": "https://github.com/fliglio/routing.git",
                "reference": "cac1cbacec1a2268142e17ece30f9178e18efb32"
            },
            "dist": {
                "type": "zip",
                "url": "https://api.github.com/repos/fliglio/routing/zipball/cac1cbacec1a2268142e17ece30f9178e18efb32",
                "reference": "cac1cbacec1a2268142e17ece30f9178e18efb32",
                "shasum": ""
            },
            "require": {
                "fliglio/flfc": "dev-master",
                "fliglio/web": "dev-master",
                "php": ">=5.3"
            },
            "require-dev": {
                "phpunit/phpunit": "~4.1.0"
            },
            "type": "library",
            "autoload": {
                "psr-0": {
                    "Fliglio\\Routing\\": ""
                }
            },
            "notification-url": "https://packagist.org/downloads/",
            "license": [
                "GPL-3.0+"
            ],
            "authors": [
                {
                    "name": "Ben Schwartz",
                    "email": "benschw@gmail.com"
                }
            ],
            "time": "2015-02-24 17:00:04"
        },
        {
            "name": "fliglio/web",
            "version": "dev-master",
            "source": {
                "type": "git",
                "url": "https://github.com/fliglio/web.git",
                "reference": "f1daed4178c941d69cccb84c7de9b45f8f61b10e"
            },
            "dist": {
                "type": "zip",
                "url": "https://api.github.com/repos/fliglio/web/zipball/f1daed4178c941d69cccb84c7de9b45f8f61b10e",
                "reference": "f1daed4178c941d69cccb84c7de9b45f8f61b10e",
                "shasum": ""
            },
            "require": {
                "php": ">=5.3"
            },
            "require-dev": {
                "phpunit/phpunit": "~4.1.0"
            },
            "type": "library",
            "autoload": {
                "psr-0": {
                    "Fliglio\\Web\\": ""
                }
            },
            "notification-url": "https://packagist.org/downloads/",
            "license": [
                "GPL-3.0+"
            ],
            "authors": [
                {
                    "name": "Ben Schwartz",
                    "email": "benschw@gmail.com"
                }
            ],
            "time": "2015-02-20 22:04:51"
        }
    ],
    "packages-dev": [],
    "aliases": [],
    "minimum-stability": "dev",
    "stability-flags": {
        "fliglio/flfc": 20,
        "fliglio/routing": 20,
        "fliglio/restfc": 20,
        "fliglio/web": 20,
        "fliglio/fltk": 20
    },
    "prefer-stable": false,
    "prefer-lowest": false,
    "platform": {
        "php": ">=5.3"
    },
    "platform-dev": []
}
