{
    "_readme": [
        "This file locks the dependencies of your project to a known state",
        "Read more about it at https://getcomposer.org/doc/01-basic-usage.md#composer-lock-the-lock-file",
        "This file is @generated automatically"
    ],
    "hash": "6dc192229513ff8f4be50c62e1db1708",
    "packages": [
        {
            "name": "doctrine/annotations",
            "version": "dev-master",
            "source": {
                "type": "git",
                "url": "https://github.com/doctrine/annotations.git",
                "reference": "c8927ad70c6fce36b3af52c17ed996c9aa4de89b"
            },
            "dist": {
                "type": "zip",
                "url": "https://api.github.com/repos/doctrine/annotations/zipball/c8927ad70c6fce36b3af52c17ed996c9aa4de89b",
                "reference": "c8927ad70c6fce36b3af52c17ed996c9aa4de89b",
                "shasum": ""
            },
            "require": {
                "doctrine/lexer": "1.*",
                "php": ">=5.3.2"
            },
            "require-dev": {
                "doctrine/cache": "1.*",
                "phpunit/phpunit": "4.*"
            },
            "type": "library",
            "extra": {
                "branch-alias": {
                    "dev-master": "1.3.x-dev"
                }
            },
            "autoload": {
                "psr-0": {
                    "Doctrine\\Common\\Annotations\\": "lib/"
                }
            },
            "notification-url": "https://packagist.org/downloads/",
            "license": [
                "MIT"
            ],
            "authors": [
                {
                    "name": "Roman Borschel",
                    "email": "roman@code-factory.org"
                },
                {
                    "name": "Benjamin Eberlei",
                    "email": "kontakt@beberlei.de"
                },
                {
                    "name": "Guilherme Blanco",
                    "email": "guilhermeblanco@gmail.com"
                },
                {
                    "name": "Jonathan Wage",
                    "email": "jonwage@gmail.com"
                },
                {
                    "name": "Johannes Schmitt",
                    "email": "schmittjoh@gmail.com"
                }
            ],
            "description": "Docblock Annotations Parser",
            "homepage": "http://www.doctrine-project.org",
            "keywords": [
                "annotations",
                "docblock",
                "parser"
            ],
            "time": "2015-05-13 13:47:35"
        },
        {
            "name": "doctrine/cache",
            "version": "dev-master",
            "source": {
                "type": "git",
                "url": "https://github.com/doctrine/cache.git",
                "reference": "9930e3367777a8727e229f5126c5299890d700bb"
            },
            "dist": {
                "type": "zip",
                "url": "https://api.github.com/repos/doctrine/cache/zipball/9930e3367777a8727e229f5126c5299890d700bb",
                "reference": "9930e3367777a8727e229f5126c5299890d700bb",
                "shasum": ""
            },
            "require": {
                "php": ">=5.3.2"
            },
            "conflict": {
                "doctrine/common": ">2.2,<2.4"
            },
            "require-dev": {
                "phpunit/phpunit": ">=3.7",
                "predis/predis": "~1.0",
                "satooshi/php-coveralls": "~0.6"
            },
            "type": "library",
            "extra": {
                "branch-alias": {
                    "dev-master": "1.5.x-dev"
                }
            },
            "autoload": {
                "psr-0": {
                    "Doctrine\\Common\\Cache\\": "lib/"
                }
            },
            "notification-url": "https://packagist.org/downloads/",
            "license": [
                "MIT"
            ],
            "authors": [
                {
                    "name": "Roman Borschel",
                    "email": "roman@code-factory.org"
                },
                {
                    "name": "Benjamin Eberlei",
                    "email": "kontakt@beberlei.de"
                },
                {
                    "name": "Guilherme Blanco",
                    "email": "guilhermeblanco@gmail.com"
                },
                {
                    "name": "Jonathan Wage",
                    "email": "jonwage@gmail.com"
                },
                {
                    "name": "Johannes Schmitt",
                    "email": "schmittjoh@gmail.com"
                }
            ],
            "description": "Caching library offering an object-oriented API for many cache backends",
            "homepage": "http://www.doctrine-project.org",
            "keywords": [
                "cache",
                "caching"
            ],
            "time": "2015-05-13 10:08:10"
        },
        {
            "name": "doctrine/lexer",
            "version": "dev-master",
            "source": {
                "type": "git",
                "url": "https://github.com/doctrine/lexer.git",
                "reference": "83893c552fd2045dd78aef794c31e694c37c0b8c"
            },
            "dist": {
                "type": "zip",
                "url": "https://api.github.com/repos/doctrine/lexer/zipball/83893c552fd2045dd78aef794c31e694c37c0b8c",
                "reference": "83893c552fd2045dd78aef794c31e694c37c0b8c",
                "shasum": ""
            },
            "require": {
                "php": ">=5.3.2"
            },
            "type": "library",
            "extra": {
                "branch-alias": {
                    "dev-master": "1.0.x-dev"
                }
            },
            "autoload": {
                "psr-0": {
                    "Doctrine\\Common\\Lexer\\": "lib/"
                }
            },
            "notification-url": "https://packagist.org/downloads/",
            "license": [
                "MIT"
            ],
            "authors": [
                {
                    "name": "Roman Borschel",
                    "email": "roman@code-factory.org"
                },
                {
                    "name": "Guilherme Blanco",
                    "email": "guilhermeblanco@gmail.com"
                },
                {
                    "name": "Johannes Schmitt",
                    "email": "schmittjoh@gmail.com"
                }
            ],
            "description": "Base library for a lexer that can be used in Top-Down, Recursive Descent Parsers.",
            "homepage": "http://www.doctrine-project.org",
            "keywords": [
                "lexer",
                "parser"
            ],
            "time": "2014-09-09 13:34:57"
        },
        {
            "name": "fliglio/flfc",
            "version": "dev-master",
            "source": {
                "type": "git",
                "url": "https://github.com/fliglio/flfc.git",
                "reference": "0554153e6dbde48bd8fce01a6b513ca1fafed87c"
            },
            "dist": {
                "type": "zip",
                "url": "https://api.github.com/repos/fliglio/flfc/zipball/0554153e6dbde48bd8fce01a6b513ca1fafed87c",
                "reference": "0554153e6dbde48bd8fce01a6b513ca1fafed87c",
                "shasum": ""
            },
            "require": {
                "fliglio/http": "dev-master",
                "php": ">=5.3"
            },
            "require-dev": {
                "phpunit/phpunit": "~4.1.0"
            },
            "type": "library",
            "autoload": {
                "psr-0": {
                    "Fliglio\\Flfc\\": ""
                }
            },
            "notification-url": "https://packagist.org/downloads/",
            "license": [
                "GPL-3.0+"
            ],
            "authors": [
                {
                    "name": "Ben Schwartz",
                    "email": "benschw@gmail.com"
                }
            ],
            "time": "2015-05-14 19:56:23"
        },
        {
            "name": "fliglio/fli",
            "version": "dev-master",
            "source": {
                "type": "git",
                "url": "https://github.com/fliglio/fli.git",
                "reference": "aa9c1fa427f34fff57715d33b87036a838961b78"
            },
            "dist": {
                "type": "zip",
                "url": "https://api.github.com/repos/fliglio/fli/zipball/aa9c1fa427f34fff57715d33b87036a838961b78",
                "reference": "aa9c1fa427f34fff57715d33b87036a838961b78",
                "shasum": ""
            },
            "require": {
                "fliglio/flfc": "dev-master",
                "fliglio/http": "dev-master",
                "fliglio/routing": "dev-fli",
                "fliglio/web": "dev-master",
                "php": ">=5.3"
            },
            "require-dev": {
                "phpunit/phpunit": "~4.1.0"
            },
            "type": "library",
            "autoload": {
                "psr-0": {
                    "Fliglio\\Fli\\": ""
                }
            },
            "notification-url": "https://packagist.org/downloads/",
            "license": [
                "GPL-3.0+"
            ],
            "authors": [
                {
                    "name": "Ben Schwartz",
                    "email": "benschw@gmail.com"
                }
            ],
            "time": "2015-06-14 14:16:44"
        },
        {
            "name": "fliglio/http",
            "version": "dev-master",
            "source": {
                "type": "git",
                "url": "https://github.com/fliglio/http.git",
                "reference": "a73265131048c2b6bdbd490a73abafe5bc7fd59e"
            },
            "dist": {
                "type": "zip",
                "url": "https://api.github.com/repos/fliglio/http/zipball/a73265131048c2b6bdbd490a73abafe5bc7fd59e",
                "reference": "a73265131048c2b6bdbd490a73abafe5bc7fd59e",
                "shasum": ""
            },
            "require": {
                "php": ">=5.3"
            },
            "require-dev": {
                "phpunit/phpunit": "~4.1.0"
            },
            "type": "library",
            "autoload": {
                "psr-0": {
                    "Fliglio\\Http\\": ""
                }
            },
            "notification-url": "https://packagist.org/downloads/",
            "license": [
                "GPL-3.0+"
            ],
            "authors": [
                {
                    "name": "Ben Schwartz",
                    "email": "benschw@gmail.com"
                }
            ],
            "time": "2015-06-10 14:14:29"
        },
        {
            "name": "fliglio/routing",
            "version": "dev-fli",
            "source": {
                "type": "git",
                "url": "https://github.com/fliglio/routing.git",
                "reference": "a5700c2ce93e5bc7848ec7022b5bcd4e67177e12"
            },
            "dist": {
                "type": "zip",
                "url": "https://api.github.com/repos/fliglio/routing/zipball/a5700c2ce93e5bc7848ec7022b5bcd4e67177e12",
                "reference": "a5700c2ce93e5bc7848ec7022b5bcd4e67177e12",
                "shasum": ""
            },
            "require": {
                "fliglio/flfc": "dev-master",
                "fliglio/http": "dev-master",
                "fliglio/web": "dev-master",
                "php": ">=5.3"
            },
            "require-dev": {
                "phpunit/phpunit": "~4.1.0"
            },
            "type": "library",
            "autoload": {
                "psr-0": {
                    "Fliglio\\Routing\\": ""
                }
            },
            "notification-url": "https://packagist.org/downloads/",
            "license": [
                "GPL-3.0+"
            ],
            "authors": [
                {
                    "name": "Ben Schwartz",
                    "email": "benschw@gmail.com"
                }
            ],
            "time": "2015-05-15 14:09:39"
        },
        {
            "name": "fliglio/web",
            "version": "dev-master",
            "source": {
                "type": "git",
                "url": "https://github.com/fliglio/web.git",
                "reference": "af69c6be2f55493252b7756268663704bbbdea0f"
            },
            "dist": {
                "type": "zip",
                "url": "https://api.github.com/repos/fliglio/web/zipball/af69c6be2f55493252b7756268663704bbbdea0f",
                "reference": "af69c6be2f55493252b7756268663704bbbdea0f",
                "shasum": ""
            },
            "require": {
                "doctrine/annotations": "1.*",
                "doctrine/cache": "1.*",
                "fliglio/http": "dev-master",
                "lib-curl": "*",
                "php": ">=5.3",
                "symfony/validator": "2.6"
            },
            "require-dev": {
                "phpunit/phpunit": "~4.1.0"
            },
            "type": "library",
            "autoload": {
                "psr-0": {
                    "Fliglio\\Web\\": ""
                }
            },
            "notification-url": "https://packagist.org/downloads/",
            "license": [
                "GPL-3.0+"
            ],
            "authors": [
                {
                    "name": "Ben Schwartz",
                    "email": "benschw@gmail.com"
                }
            ],
            "time": "2015-06-10 14:21:54"
        },
        {
            "name": "symfony/translation",
            "version": "2.8.x-dev",
            "source": {
                "type": "git",
                "url": "https://github.com/symfony/Translation.git",
                "reference": "95f9b028555f55b78b465a2488f1a38442acc412"
            },
            "dist": {
                "type": "zip",
                "url": "https://api.github.com/repos/symfony/Translation/zipball/95f9b028555f55b78b465a2488f1a38442acc412",
                "reference": "95f9b028555f55b78b465a2488f1a38442acc412",
                "shasum": ""
            },
            "require": {
                "php": ">=5.3.9"
            },
            "conflict": {
                "symfony/config": "<2.7"
            },
            "require-dev": {
                "psr/log": "~1.0",
                "symfony/config": "~2.7",
                "symfony/intl": "~2.3|~3.0.0",
                "symfony/phpunit-bridge": "~2.7|~3.0.0",
                "symfony/yaml": "~2.2|~3.0.0"
            },
            "suggest": {
                "psr/log": "To use logging capability in translator",
                "symfony/config": "",
                "symfony/yaml": ""
            },
            "type": "library",
            "extra": {
                "branch-alias": {
                    "dev-master": "2.8-dev"
                }
            },
            "autoload": {
                "psr-4": {
                    "Symfony\\Component\\Translation\\": ""
                }
            },
            "notification-url": "https://packagist.org/downloads/",
            "license": [
                "MIT"
            ],
            "authors": [
                {
                    "name": "Fabien Potencier",
                    "email": "fabien@symfony.com"
                },
                {
                    "name": "Symfony Community",
                    "homepage": "https://symfony.com/contributors"
                }
            ],
            "description": "Symfony Translation Component",
            "homepage": "https://symfony.com",
            "time": "2015-06-11 19:27:42"
        },
        {
            "name": "symfony/validator",
            "version": "v2.6.0",
            "target-dir": "Symfony/Component/Validator",
            "source": {
                "type": "git",
                "url": "https://github.com/symfony/Validator.git",
                "reference": "cbf6575c4c9c83621df01483e215599f5377fc0b"
            },
            "dist": {
                "type": "zip",
                "url": "https://api.github.com/repos/symfony/Validator/zipball/cbf6575c4c9c83621df01483e215599f5377fc0b",
                "reference": "cbf6575c4c9c83621df01483e215599f5377fc0b",
                "shasum": ""
            },
            "require": {
                "php": ">=5.3.3",
                "symfony/translation": "~2.0"
            },
            "require-dev": {
                "doctrine/annotations": "~1.0",
                "doctrine/cache": "~1.0",
                "egulias/email-validator": "~1.0",
                "symfony/config": "~2.2",
                "symfony/expression-language": "~2.4",
                "symfony/http-foundation": "~2.1",
                "symfony/intl": "~2.3",
                "symfony/property-access": "~2.2",
                "symfony/yaml": "~2.0"
            },
            "suggest": {
                "doctrine/annotations": "For using the annotation mapping. You will also need doctrine/cache.",
                "doctrine/cache": "For using the default cached annotation reader and metadata cache.",
                "egulias/email-validator": "Strict (RFC compliant) email validation",
                "symfony/config": "",
                "symfony/expression-language": "For using the 2.4 Expression validator",
                "symfony/http-foundation": "",
                "symfony/intl": "",
                "symfony/property-access": "For using the 2.4 Validator API",
                "symfony/yaml": ""
            },
            "type": "library",
            "extra": {
                "branch-alias": {
                    "dev-master": "2.6-dev"
                }
            },
            "autoload": {
                "psr-0": {
                    "Symfony\\Component\\Validator\\": ""
                }
            },
            "notification-url": "https://packagist.org/downloads/",
            "license": [
                "MIT"
            ],
            "authors": [
                {
                    "name": "Symfony Community",
                    "homepage": "http://symfony.com/contributors"
                },
                {
                    "name": "Fabien Potencier",
                    "email": "fabien@symfony.com"
                }
            ],
            "description": "Symfony Validator Component",
            "homepage": "http://symfony.com",
            "time": "2014-11-28 10:00:40"
        }
    ],
    "packages-dev": [],
    "aliases": [],
    "minimum-stability": "dev",
    "stability-flags": {
        "fliglio/fli": 20,
        "fliglio/flfc": 20,
        "fliglio/routing": 20,
        "fliglio/http": 20,
        "fliglio/web": 20
    },
    "prefer-stable": false,
    "prefer-lowest": false,
    "platform": {
        "php": ">=5.3"
    },
    "platform-dev": []
}
