{
    "_readme": [
        "This file locks the dependencies of your project to a known state",
        "Read more about it at http://getcomposer.org/doc/01-basic-usage.md#composer-lock-the-lock-file",
        "This file is @generated automatically"
    ],
    "hash": "cb6d34334e2ac8ba2b90c7de14544b6f",
    "packages": [
        {
            "name": "fliglio/flfc",
            "version": "dev-master",
            "source": {
                "type": "git",
                "url": "https://github.com/fliglio/flfc.git",
                "reference": "7e402778096c8653eb2a349df8020f5b64aada6d"
            },
            "dist": {
                "type": "zip",
                "url": "https://api.github.com/repos/fliglio/flfc/zipball/7e402778096c8653eb2a349df8020f5b64aada6d",
                "reference": "7e402778096c8653eb2a349df8020f5b64aada6d",
                "shasum": ""
            },
            "require": {
                "php": ">=5.3"
            },
            "type": "library",
            "autoload": {
                "psr-0": {
                    "Fliglio\\Flfc\\": ""
                }
            },
            "notification-url": "https://packagist.org/downloads/",
            "license": [
                "GPL-3.0+"
            ],
            "authors": [
                {
                    "name": "Ben Schwartz",
                    "email": "benschw@gmail.com"
                }
            ],
            "time": "2015-02-25 02:03:25"
        },
        {
            "name": "fliglio/http",
            "version": "dev-master",
            "source": {
                "type": "git",
                "url": "https://github.com/fliglio/http.git",
                "reference": "294dcc2b5ab61622ddba55cb55d446a24de40e18"
            },
            "dist": {
                "type": "zip",
                "url": "https://api.github.com/repos/fliglio/http/zipball/294dcc2b5ab61622ddba55cb55d446a24de40e18",
                "reference": "294dcc2b5ab61622ddba55cb55d446a24de40e18",
                "shasum": ""
            },
            "require": {
                "php": ">=5.3"
            },
            "require-dev": {
                "phpunit/phpunit": "~4.1.0"
            },
            "type": "library",
            "autoload": {
                "psr-0": {
                    "Fliglio\\Http\\": ""
                }
            },
            "notification-url": "https://packagist.org/downloads/",
            "license": [
                "GPL-3.0+"
            ],
            "authors": [
                {
                    "name": "Ben Schwartz",
                    "email": "benschw@gmail.com"
                }
            ],
            "time": "2015-02-25 15:50:54"
        },
        {
            "name": "fliglio/routing",
            "version": "dev-master",
            "source": {
                "type": "git",
                "url": "https://github.com/fliglio/routing.git",
                "reference": "c19876534ec11de1b61a0fb3b190cfe28a4c2e6c"
            },
            "dist": {
                "type": "zip",
                "url": "https://api.github.com/repos/fliglio/routing/zipball/c19876534ec11de1b61a0fb3b190cfe28a4c2e6c",
                "reference": "c19876534ec11de1b61a0fb3b190cfe28a4c2e6c",
                "shasum": ""
            },
            "require": {
                "fliglio/flfc": "dev-master",
                "fliglio/web": "dev-master",
                "php": ">=5.3"
            },
            "require-dev": {
                "phpunit/phpunit": "~4.1.0"
            },
            "type": "library",
            "autoload": {
                "psr-0": {
                    "Fliglio\\Routing\\": ""
                }
            },
            "notification-url": "https://packagist.org/downloads/",
            "license": [
                "GPL-3.0+"
            ],
            "authors": [
                {
                    "name": "Ben Schwartz",
                    "email": "benschw@gmail.com"
                }
            ],
            "time": "2015-02-24 23:11:42"
        },
        {
            "name": "fliglio/web",
            "version": "dev-master",
            "source": {
                "type": "git",
                "url": "https://github.com/fliglio/web.git",
                "reference": "38d9ab85240420852cf016a13498d678957955e4"
            },
            "dist": {
                "type": "zip",
                "url": "https://api.github.com/repos/fliglio/web/zipball/38d9ab85240420852cf016a13498d678957955e4",
                "reference": "38d9ab85240420852cf016a13498d678957955e4",
                "shasum": ""
            },
            "require": {
                "php": ">=5.3"
            },
            "require-dev": {
                "phpunit/phpunit": "~4.1.0"
            },
            "type": "library",
            "autoload": {
                "psr-0": {
                    "Fliglio\\Web\\": ""
                }
            },
            "notification-url": "https://packagist.org/downloads/",
            "license": [
                "GPL-3.0+"
            ],
            "authors": [
                {
                    "name": "Ben Schwartz",
                    "email": "benschw@gmail.com"
                }
            ],
            "time": "2015-02-24 18:52:22"
        }
    ],
    "packages-dev": [],
    "aliases": [],
    "minimum-stability": "dev",
    "stability-flags": {
        "fliglio/flfc": 20,
        "fliglio/routing": 20,
        "fliglio/http": 20,
        "fliglio/web": 20
    },
    "prefer-stable": false,
    "prefer-lowest": false,
    "platform": {
        "php": ">=5.3"
    },
    "platform-dev": []
}
